// !$*UTF8*$!
{
	archiveVersion = 1;
	classes = {
	};
	objectVersion = 46;
	objects = {

/* Begin PBXBuildFile section */
		592660421D8ACB3D006298DC /* main.cpp in Sources */ = {isa = PBXBuildFile; fileRef = 59265FEC1D8AC0AE006298DC /* main.cpp */; };
		592660641D8ACC18006298DC /* assert_mk.cpp in Sources */ = {isa = PBXBuildFile; fileRef = 592660441D8ACC18006298DC /* assert_mk.cpp */; };
		592660651D8ACC18006298DC /* codelocation.cpp in Sources */ = {isa = PBXBuildFile; fileRef = 592660461D8ACC18006298DC /* codelocation.cpp */; };
		592660661D8ACC18006298DC /* error_check.cpp in Sources */ = {isa = PBXBuildFile; fileRef = 5926604A1D8ACC18006298DC /* error_check.cpp */; };
		592660671D8ACC18006298DC /* error_codes.cpp in Sources */ = {isa = PBXBuildFile; fileRef = 5926604C1D8ACC18006298DC /* error_codes.cpp */; };
		592660681D8ACC18006298DC /* error_exception.cpp in Sources */ = {isa = PBXBuildFile; fileRef = 5926604E1D8ACC18006298DC /* error_exception.cpp */; };
		592660691D8ACC18006298DC /* fileHandle.cpp in Sources */ = {isa = PBXBuildFile; fileRef = 592660511D8ACC18006298DC /* fileHandle.cpp */; };
		5926606A1D8ACC18006298DC /* MultiVector.cpp in Sources */ = {isa = PBXBuildFile; fileRef = 592660541D8ACC18006298DC /* MultiVector.cpp */; };
		5926606B1D8ACC18006298DC /* processorinfo.cpp in Sources */ = {isa = PBXBuildFile; fileRef = 592660581D8ACC18006298DC /* processorinfo.cpp */; };
		5926606C1D8ACC18006298DC /* readdatafromstring.cpp in Sources */ = {isa = PBXBuildFile; fileRef = 5926605A1D8ACC18006298DC /* readdatafromstring.cpp */; };
		5926606D1D8ACC18006298DC /* StringOps.cpp in Sources */ = {isa = PBXBuildFile; fileRef = 5926605C1D8ACC18006298DC /* StringOps.cpp */; };
		5926606E1D8ACC18006298DC /* timer.cpp in Sources */ = {isa = PBXBuildFile; fileRef = 5926605E1D8ACC18006298DC /* timer.cpp */; };
		5926606F1D8ACC18006298DC /* VectorCompare.cpp in Sources */ = {isa = PBXBuildFile; fileRef = 592660601D8ACC18006298DC /* VectorCompare.cpp */; };
		592660701D8ACC18006298DC /* version.cpp in Sources */ = {isa = PBXBuildFile; fileRef = 592660621D8ACC18006298DC /* version.cpp */; };
		5926607A1D8ACCA4006298DC /* cal_area.cpp in Sources */ = {isa = PBXBuildFile; fileRef = 592660721D8ACCA4006298DC /* cal_area.cpp */; };
		5926607B1D8ACCA4006298DC /* linear_algebra.cpp in Sources */ = {isa = PBXBuildFile; fileRef = 592660741D8ACCA4006298DC /* linear_algebra.cpp */; };
		5926607C1D8ACCA4006298DC /* matrix.cpp in Sources */ = {isa = PBXBuildFile; fileRef = 592660761D8ACCA4006298DC /* matrix.cpp */; };
		5926607D1D8ACCA4006298DC /* random_number_fns.cpp in Sources */ = {isa = PBXBuildFile; fileRef = 592660781D8ACCA4006298DC /* random_number_fns.cpp */; };
		592660881D8ACD0F006298DC /* index.cpp in Sources */ = {isa = PBXBuildFile; fileRef = 592660841D8ACD0F006298DC /* index.cpp */; };
		593FA3401DD212D800321A6A /* species.cpp in Sources */ = {isa = PBXBuildFile; fileRef = 593FA33E1DD212D800321A6A /* species.cpp */; };
		593FA3801DD31D5E00321A6A /* geometry.cpp in Sources */ = {isa = PBXBuildFile; fileRef = 593FA37E1DD31D5D00321A6A /* geometry.cpp */; };
		593FA3831DD32DFE00321A6A /* connection.cpp in Sources */ = {isa = PBXBuildFile; fileRef = 593FA3811DD32DFE00321A6A /* connection.cpp */; };
		593FA38B1DD35CEC00321A6A /* gridUtil.cpp in Sources */ = {isa = PBXBuildFile; fileRef = 593FA38A1DD35CEC00321A6A /* gridUtil.cpp */; };
		593FA38D1DD361BC00321A6A /* preprocessingGridSU2.cpp in Sources */ = {isa = PBXBuildFile; fileRef = 593FA38C1DD361BC00321A6A /* preprocessingGridSU2.cpp */; };
		593FA3901DD3630400321A6A /* preprocessingGridFluent.cpp in Sources */ = {isa = PBXBuildFile; fileRef = 593FA38E1DD3630400321A6A /* preprocessingGridFluent.cpp */; };
		593FA3961DD490C400321A6A /* grid.cpp in Sources */ = {isa = PBXBuildFile; fileRef = 593FA3951DD490C400321A6A /* grid.cpp */; };
		593FA3A01DE2F8BC00321A6A /* problemSetup.cpp in Sources */ = {isa = PBXBuildFile; fileRef = 593FA39E1DE2F8BC00321A6A /* problemSetup.cpp */; };
		593FA3A41DE4723E00321A6A /* flowdatabase.cpp in Sources */ = {isa = PBXBuildFile; fileRef = 593FA3A21DE4723E00321A6A /* flowdatabase.cpp */; };
		593FA3A71DE5BEB900321A6A /* wallMaterial.cpp in Sources */ = {isa = PBXBuildFile; fileRef = 593FA3A51DE5BEB900321A6A /* wallMaterial.cpp */; };
		593FA3AD1DE6F6E700321A6A /* electronicState.cpp in Sources */ = {isa = PBXBuildFile; fileRef = 593FA3AB1DE6F6E700321A6A /* electronicState.cpp */; };
		593FA3B01DE6F96A00321A6A /* speciesDatabase.cpp in Sources */ = {isa = PBXBuildFile; fileRef = 593FA3AE1DE6F96A00321A6A /* speciesDatabase.cpp */; };
		593FA3B31DE71F5600321A6A /* kev.cpp in Sources */ = {isa = PBXBuildFile; fileRef = 593FA3B11DE71F5600321A6A /* kev.cpp */; };
		593FA3B61DE7240000321A6A /* LeRc.cpp in Sources */ = {isa = PBXBuildFile; fileRef = 593FA3B41DE7240000321A6A /* LeRc.cpp */; };
		593FA3BB1DEC86EB00321A6A /* Blottner.cpp in Sources */ = {isa = PBXBuildFile; fileRef = 593FA3B91DEC86EB00321A6A /* Blottner.cpp */; };
		593FA3BE1DEC890600321A6A /* Sutherland.cpp in Sources */ = {isa = PBXBuildFile; fileRef = 593FA3BC1DEC890600321A6A /* Sutherland.cpp */; };
		593FA3C11DEDD87F00321A6A /* viscosity_kinetic_theory.cpp in Sources */ = {isa = PBXBuildFile; fileRef = 593FA3BF1DEDD87F00321A6A /* viscosity_kinetic_theory.cpp */; };
		593FA3C71DF02E4200321A6A /* dataCFD.cpp in Sources */ = {isa = PBXBuildFile; fileRef = 593FA3C51DF02E4200321A6A /* dataCFD.cpp */; };
		594E7EB71E3A232C007B105B /* variableMapCFD.cpp in Sources */ = {isa = PBXBuildFile; fileRef = 594E7EB51E3A232C007B105B /* variableMapCFD.cpp */; };
		594E7EBD1E48C5F1007B105B /* temperatureFns.cpp in Sources */ = {isa = PBXBuildFile; fileRef = 594E7EBB1E48C5F1007B105B /* temperatureFns.cpp */; };
		594E7EC01E4A00DC007B105B /* primitive_variables_fluid0.cpp in Sources */ = {isa = PBXBuildFile; fileRef = 594E7EBE1E4A00DC007B105B /* primitive_variables_fluid0.cpp */; };
		594E7EC71E4A1DDD007B105B /* primitive_variables_fluid1.cpp in Sources */ = {isa = PBXBuildFile; fileRef = 594E7EC51E4A1DDD007B105B /* primitive_variables_fluid1.cpp */; };
		594E7ECA1E4A2BD6007B105B /* primitive_variables_fluid3.cpp in Sources */ = {isa = PBXBuildFile; fileRef = 594E7EC81E4A2BD6007B105B /* primitive_variables_fluid3.cpp */; };
		594E7ECD1E4A3121007B105B /* primitive_variables_fluid4.cpp in Sources */ = {isa = PBXBuildFile; fileRef = 594E7ECB1E4A3121007B105B /* primitive_variables_fluid4.cpp */; };
		594E7ED01E4B3552007B105B /* primitive_variables_fluid5.cpp in Sources */ = {isa = PBXBuildFile; fileRef = 594E7ECE1E4B3552007B105B /* primitive_variables_fluid5.cpp */; };
		594E7ED31E4B5350007B105B /* primitive_variables_fluid9.cpp in Sources */ = {isa = PBXBuildFile; fileRef = 594E7ED11E4B5350007B105B /* primitive_variables_fluid9.cpp */; };
		594E7ED61E4B571A007B105B /* primitive_variables_fluid27.cpp in Sources */ = {isa = PBXBuildFile; fileRef = 594E7ED41E4B571A007B105B /* primitive_variables_fluid27.cpp */; };
		594E7ED91E4B5D56007B105B /* primitive_variables_fluid10.cpp in Sources */ = {isa = PBXBuildFile; fileRef = 594E7ED71E4B5D56007B105B /* primitive_variables_fluid10.cpp */; };
		594E7EDC1E4B60DD007B105B /* primitive_variables_fluid11.cpp in Sources */ = {isa = PBXBuildFile; fileRef = 594E7EDA1E4B60DD007B105B /* primitive_variables_fluid11.cpp */; };
		594E7EDF1E4B64F4007B105B /* primitive_variables_fluid12.cpp in Sources */ = {isa = PBXBuildFile; fileRef = 594E7EDD1E4B64F4007B105B /* primitive_variables_fluid12.cpp */; };
		594E7EE21E4B6723007B105B /* primitive_variables_fluid13.cpp in Sources */ = {isa = PBXBuildFile; fileRef = 594E7EE01E4B6723007B105B /* primitive_variables_fluid13.cpp */; };
		594E7EE51E4B6AFC007B105B /* primitive_variables_fluid14.cpp in Sources */ = {isa = PBXBuildFile; fileRef = 594E7EE31E4B6AFC007B105B /* primitive_variables_fluid14.cpp */; };
		594E7EE81E4B6E77007B105B /* primitive_variables_fluid15.cpp in Sources */ = {isa = PBXBuildFile; fileRef = 594E7EE61E4B6E77007B105B /* primitive_variables_fluid15.cpp */; };
		594E7EEB1E4B6E86007B105B /* primitive_variables_fluid16.cpp in Sources */ = {isa = PBXBuildFile; fileRef = 594E7EE91E4B6E86007B105B /* primitive_variables_fluid16.cpp */; };
		594E7EEE1E4B6E92007B105B /* primitive_variables_fluid17.cpp in Sources */ = {isa = PBXBuildFile; fileRef = 594E7EEC1E4B6E92007B105B /* primitive_variables_fluid17.cpp */; };
		594FF1401D8FDA38009A6ABB /* object.cpp in Sources */ = {isa = PBXBuildFile; fileRef = 594FF13A1D8FDA38009A6ABB /* object.cpp */; };
		594FF1411D8FDA38009A6ABB /* particle.cpp in Sources */ = {isa = PBXBuildFile; fileRef = 594FF13E1D8FDA38009A6ABB /* particle.cpp */; };
		594FF14B1D8FDBBF009A6ABB /* preprocessingCFD.cpp in Sources */ = {isa = PBXBuildFile; fileRef = 594FF14A1D8FDBBF009A6ABB /* preprocessingCFD.cpp */; };
		595BB0351E263A7000B3A6EF /* gridCFD.cpp in Sources */ = {isa = PBXBuildFile; fileRef = 595BB0331E263A7000B3A6EF /* gridCFD.cpp */; };
		595BB0381E266EC600B3A6EF /* node.cpp in Sources */ = {isa = PBXBuildFile; fileRef = 595BB0361E266EC600B3A6EF /* node.cpp */; };
		595BB03B1E269AC800B3A6EF /* dataDSMC.cpp in Sources */ = {isa = PBXBuildFile; fileRef = 595BB0391E269AC800B3A6EF /* dataDSMC.cpp */; };
		595BB03E1E27DB5200B3A6EF /* face.cpp in Sources */ = {isa = PBXBuildFile; fileRef = 595BB03C1E27DB5200B3A6EF /* face.cpp */; };
		595BB0411E29394D00B3A6EF /* cell.cpp in Sources */ = {isa = PBXBuildFile; fileRef = 595BB03F1E29394D00B3A6EF /* cell.cpp */; };
		595BB0441E293E0C00B3A6EF /* data.cpp in Sources */ = {isa = PBXBuildFile; fileRef = 595BB0421E293E0C00B3A6EF /* data.cpp */; };
		595BB0471E2E5D8D00B3A6EF /* assignIC.cpp in Sources */ = {isa = PBXBuildFile; fileRef = 595BB0461E2E5D8D00B3A6EF /* assignIC.cpp */; };
		595BB04A1E323F3C00B3A6EF /* primitive_variables.cpp in Sources */ = {isa = PBXBuildFile; fileRef = 595BB0481E323F3C00B3A6EF /* primitive_variables.cpp */; };
		595BB0501E36573F00B3A6EF /* variableMap.cpp in Sources */ = {isa = PBXBuildFile; fileRef = 595BB04E1E36573F00B3A6EF /* variableMap.cpp */; };
		595BB0531E365F1100B3A6EF /* ProbPhysicalModel.cpp in Sources */ = {isa = PBXBuildFile; fileRef = 595BB0511E365F1100B3A6EF /* ProbPhysicalModel.cpp */; };
		598431B91E38AE0800EF24EB /* ProbFluidSetting.cpp in Sources */ = {isa = PBXBuildFile; fileRef = 598431B71E38AE0800EF24EB /* ProbFluidSetting.cpp */; };
/* End PBXBuildFile section */

/* Begin PBXCopyFilesBuildPhase section */
		59265FE71D8AC0AE006298DC /* CopyFiles */ = {
			isa = PBXCopyFilesBuildPhase;
			buildActionMask = 2147483647;
			dstPath = /usr/share/man/man1/;
			dstSubfolderSpec = 0;
			files = (
			);
			runOnlyForDeploymentPostprocessing = 1;
		};
/* End PBXCopyFilesBuildPhase section */

/* Begin PBXFileReference section */
		59265FE91D8AC0AE006298DC /* OP2A */ = {isa = PBXFileReference; explicitFileType = "compiled.mach-o.executable"; includeInIndex = 0; path = OP2A; sourceTree = BUILT_PRODUCTS_DIR; };
		59265FEC1D8AC0AE006298DC /* main.cpp */ = {isa = PBXFileReference; lastKnownFileType = sourcecode.cpp.cpp; path = main.cpp; sourceTree = "<group>"; };
		592660441D8ACC18006298DC /* assert_mk.cpp */ = {isa = PBXFileReference; fileEncoding = 4; lastKnownFileType = sourcecode.cpp.cpp; name = assert_mk.cpp; path = COMM/assert_mk.cpp; sourceTree = "<group>"; };
		592660451D8ACC18006298DC /* assert_mk.hpp */ = {isa = PBXFileReference; fileEncoding = 4; lastKnownFileType = sourcecode.cpp.h; name = assert_mk.hpp; path = COMM/assert_mk.hpp; sourceTree = "<group>"; };
		592660461D8ACC18006298DC /* codelocation.cpp */ = {isa = PBXFileReference; fileEncoding = 4; lastKnownFileType = sourcecode.cpp.cpp; name = codelocation.cpp; path = COMM/codelocation.cpp; sourceTree = "<group>"; };
		592660471D8ACC18006298DC /* codelocation.hpp */ = {isa = PBXFileReference; fileEncoding = 4; lastKnownFileType = sourcecode.cpp.h; name = codelocation.hpp; path = COMM/codelocation.hpp; sourceTree = "<group>"; };
		592660481D8ACC18006298DC /* common.hpp */ = {isa = PBXFileReference; fileEncoding = 4; lastKnownFileType = sourcecode.cpp.h; name = common.hpp; path = COMM/common.hpp; sourceTree = "<group>"; };
		592660491D8ACC18006298DC /* commonAPI.hpp */ = {isa = PBXFileReference; fileEncoding = 4; lastKnownFileType = sourcecode.cpp.h; name = commonAPI.hpp; path = COMM/commonAPI.hpp; sourceTree = "<group>"; };
		5926604A1D8ACC18006298DC /* error_check.cpp */ = {isa = PBXFileReference; fileEncoding = 4; lastKnownFileType = sourcecode.cpp.cpp; name = error_check.cpp; path = COMM/error_check.cpp; sourceTree = "<group>"; };
		5926604B1D8ACC18006298DC /* error_check.hpp */ = {isa = PBXFileReference; fileEncoding = 4; lastKnownFileType = sourcecode.cpp.h; name = error_check.hpp; path = COMM/error_check.hpp; sourceTree = "<group>"; };
		5926604C1D8ACC18006298DC /* error_codes.cpp */ = {isa = PBXFileReference; fileEncoding = 4; lastKnownFileType = sourcecode.cpp.cpp; name = error_codes.cpp; path = COMM/error_codes.cpp; sourceTree = "<group>"; };
		5926604D1D8ACC18006298DC /* error_codes.hpp */ = {isa = PBXFileReference; fileEncoding = 4; lastKnownFileType = sourcecode.cpp.h; name = error_codes.hpp; path = COMM/error_codes.hpp; sourceTree = "<group>"; };
		5926604E1D8ACC18006298DC /* error_exception.cpp */ = {isa = PBXFileReference; fileEncoding = 4; lastKnownFileType = sourcecode.cpp.cpp; name = error_exception.cpp; path = COMM/error_exception.cpp; sourceTree = "<group>"; };
		5926604F1D8ACC18006298DC /* error_exception.hpp */ = {isa = PBXFileReference; fileEncoding = 4; lastKnownFileType = sourcecode.cpp.h; name = error_exception.hpp; path = COMM/error_exception.hpp; sourceTree = "<group>"; };
		592660501D8ACC18006298DC /* exportAPI.hpp */ = {isa = PBXFileReference; fileEncoding = 4; lastKnownFileType = sourcecode.cpp.h; name = exportAPI.hpp; path = COMM/exportAPI.hpp; sourceTree = "<group>"; };
		592660511D8ACC18006298DC /* fileHandle.cpp */ = {isa = PBXFileReference; fileEncoding = 4; lastKnownFileType = sourcecode.cpp.cpp; name = fileHandle.cpp; path = COMM/fileHandle.cpp; sourceTree = "<group>"; };
		592660521D8ACC18006298DC /* fileHandle.hpp */ = {isa = PBXFileReference; fileEncoding = 4; lastKnownFileType = sourcecode.cpp.h; name = fileHandle.hpp; path = COMM/fileHandle.hpp; sourceTree = "<group>"; };
		592660531D8ACC18006298DC /* map1D.hpp */ = {isa = PBXFileReference; fileEncoding = 4; lastKnownFileType = sourcecode.cpp.h; name = map1D.hpp; path = COMM/map1D.hpp; sourceTree = "<group>"; };
		592660541D8ACC18006298DC /* MultiVector.cpp */ = {isa = PBXFileReference; fileEncoding = 4; lastKnownFileType = sourcecode.cpp.cpp; name = MultiVector.cpp; path = COMM/MultiVector.cpp; sourceTree = "<group>"; };
		592660551D8ACC18006298DC /* MultiVector.hpp */ = {isa = PBXFileReference; fileEncoding = 4; lastKnownFileType = sourcecode.cpp.h; name = MultiVector.hpp; path = COMM/MultiVector.hpp; sourceTree = "<group>"; };
		592660561D8ACC18006298DC /* noncopyable.hpp */ = {isa = PBXFileReference; fileEncoding = 4; lastKnownFileType = sourcecode.cpp.h; name = noncopyable.hpp; path = COMM/noncopyable.hpp; sourceTree = "<group>"; };
		592660571D8ACC18006298DC /* noninstantiable.hpp */ = {isa = PBXFileReference; fileEncoding = 4; lastKnownFileType = sourcecode.cpp.h; name = noninstantiable.hpp; path = COMM/noninstantiable.hpp; sourceTree = "<group>"; };
		592660581D8ACC18006298DC /* processorinfo.cpp */ = {isa = PBXFileReference; fileEncoding = 4; lastKnownFileType = sourcecode.cpp.cpp; name = processorinfo.cpp; path = COMM/processorinfo.cpp; sourceTree = "<group>"; };
		592660591D8ACC18006298DC /* processorinfo.hpp */ = {isa = PBXFileReference; fileEncoding = 4; lastKnownFileType = sourcecode.cpp.h; name = processorinfo.hpp; path = COMM/processorinfo.hpp; sourceTree = "<group>"; };
		5926605A1D8ACC18006298DC /* readdatafromstring.cpp */ = {isa = PBXFileReference; fileEncoding = 4; lastKnownFileType = sourcecode.cpp.cpp; name = readdatafromstring.cpp; path = COMM/readdatafromstring.cpp; sourceTree = "<group>"; };
		5926605B1D8ACC18006298DC /* readdatafromstring.hpp */ = {isa = PBXFileReference; fileEncoding = 4; lastKnownFileType = sourcecode.cpp.h; name = readdatafromstring.hpp; path = COMM/readdatafromstring.hpp; sourceTree = "<group>"; };
		5926605C1D8ACC18006298DC /* StringOps.cpp */ = {isa = PBXFileReference; fileEncoding = 4; lastKnownFileType = sourcecode.cpp.cpp; name = StringOps.cpp; path = COMM/StringOps.cpp; sourceTree = "<group>"; };
		5926605D1D8ACC18006298DC /* StringOps.hpp */ = {isa = PBXFileReference; fileEncoding = 4; lastKnownFileType = sourcecode.cpp.h; name = StringOps.hpp; path = COMM/StringOps.hpp; sourceTree = "<group>"; };
		5926605E1D8ACC18006298DC /* timer.cpp */ = {isa = PBXFileReference; fileEncoding = 4; lastKnownFileType = sourcecode.cpp.cpp; name = timer.cpp; path = COMM/timer.cpp; sourceTree = "<group>"; };
		5926605F1D8ACC18006298DC /* timer.hpp */ = {isa = PBXFileReference; fileEncoding = 4; lastKnownFileType = sourcecode.cpp.h; name = timer.hpp; path = COMM/timer.hpp; sourceTree = "<group>"; };
		592660601D8ACC18006298DC /* VectorCompare.cpp */ = {isa = PBXFileReference; fileEncoding = 4; lastKnownFileType = sourcecode.cpp.cpp; name = VectorCompare.cpp; path = COMM/VectorCompare.cpp; sourceTree = "<group>"; };
		592660611D8ACC18006298DC /* VectorCompare.hpp */ = {isa = PBXFileReference; fileEncoding = 4; lastKnownFileType = sourcecode.cpp.h; name = VectorCompare.hpp; path = COMM/VectorCompare.hpp; sourceTree = "<group>"; };
		592660621D8ACC18006298DC /* version.cpp */ = {isa = PBXFileReference; fileEncoding = 4; lastKnownFileType = sourcecode.cpp.cpp; name = version.cpp; path = COMM/version.cpp; sourceTree = "<group>"; };
		592660631D8ACC18006298DC /* version.hpp */ = {isa = PBXFileReference; fileEncoding = 4; lastKnownFileType = sourcecode.cpp.h; name = version.hpp; path = COMM/version.hpp; sourceTree = "<group>"; };
		592660721D8ACCA4006298DC /* cal_area.cpp */ = {isa = PBXFileReference; fileEncoding = 4; lastKnownFileType = sourcecode.cpp.cpp; name = cal_area.cpp; path = MATH_MK/cal_area.cpp; sourceTree = "<group>"; };
		592660731D8ACCA4006298DC /* cal_area.hpp */ = {isa = PBXFileReference; fileEncoding = 4; lastKnownFileType = sourcecode.cpp.h; name = cal_area.hpp; path = MATH_MK/cal_area.hpp; sourceTree = "<group>"; };
		592660741D8ACCA4006298DC /* linear_algebra.cpp */ = {isa = PBXFileReference; fileEncoding = 4; lastKnownFileType = sourcecode.cpp.cpp; name = linear_algebra.cpp; path = MATH_MK/linear_algebra.cpp; sourceTree = "<group>"; };
		592660751D8ACCA4006298DC /* linear_algebra.hpp */ = {isa = PBXFileReference; fileEncoding = 4; lastKnownFileType = sourcecode.cpp.h; name = linear_algebra.hpp; path = MATH_MK/linear_algebra.hpp; sourceTree = "<group>"; };
		592660761D8ACCA4006298DC /* matrix.cpp */ = {isa = PBXFileReference; fileEncoding = 4; lastKnownFileType = sourcecode.cpp.cpp; name = matrix.cpp; path = MATH_MK/matrix.cpp; sourceTree = "<group>"; };
		592660771D8ACCA4006298DC /* matrix.hpp */ = {isa = PBXFileReference; fileEncoding = 4; lastKnownFileType = sourcecode.cpp.h; name = matrix.hpp; path = MATH_MK/matrix.hpp; sourceTree = "<group>"; };
		592660781D8ACCA4006298DC /* random_number_fns.cpp */ = {isa = PBXFileReference; fileEncoding = 4; lastKnownFileType = sourcecode.cpp.cpp; name = random_number_fns.cpp; path = MATH_MK/random_number_fns.cpp; sourceTree = "<group>"; };
		592660791D8ACCA4006298DC /* random_number_fns.hpp */ = {isa = PBXFileReference; fileEncoding = 4; lastKnownFileType = sourcecode.cpp.h; name = random_number_fns.hpp; path = MATH_MK/random_number_fns.hpp; sourceTree = "<group>"; };
		592660821D8ACD0F006298DC /* element.hpp */ = {isa = PBXFileReference; fileEncoding = 4; lastKnownFileType = sourcecode.cpp.h; name = element.hpp; path = GRID/element.hpp; sourceTree = "<group>"; };
		592660841D8ACD0F006298DC /* index.cpp */ = {isa = PBXFileReference; fileEncoding = 4; lastKnownFileType = sourcecode.cpp.cpp; name = index.cpp; path = GRID/index.cpp; sourceTree = "<group>"; };
		592660851D8ACD0F006298DC /* index.hpp */ = {isa = PBXFileReference; fileEncoding = 4; lastKnownFileType = sourcecode.cpp.h; name = index.hpp; path = GRID/index.hpp; sourceTree = "<group>"; };
		592660861D8ACD0F006298DC /* stencilinfo.hpp */ = {isa = PBXFileReference; fileEncoding = 4; lastKnownFileType = sourcecode.cpp.h; name = stencilinfo.hpp; path = GRID/stencilinfo.hpp; sourceTree = "<group>"; };
		593FA33E1DD212D800321A6A /* species.cpp */ = {isa = PBXFileReference; fileEncoding = 4; lastKnownFileType = sourcecode.cpp.cpp; path = species.cpp; sourceTree = "<group>"; };
		593FA33F1DD212D800321A6A /* species.hpp */ = {isa = PBXFileReference; fileEncoding = 4; lastKnownFileType = sourcecode.cpp.h; path = species.hpp; sourceTree = "<group>"; };
		593FA37E1DD31D5D00321A6A /* geometry.cpp */ = {isa = PBXFileReference; fileEncoding = 4; lastKnownFileType = sourcecode.cpp.cpp; name = geometry.cpp; path = GRID/geometry.cpp; sourceTree = "<group>"; };
		593FA37F1DD31D5E00321A6A /* geometry.hpp */ = {isa = PBXFileReference; fileEncoding = 4; lastKnownFileType = sourcecode.cpp.h; name = geometry.hpp; path = GRID/geometry.hpp; sourceTree = "<group>"; };
		593FA3811DD32DFE00321A6A /* connection.cpp */ = {isa = PBXFileReference; fileEncoding = 4; lastKnownFileType = sourcecode.cpp.cpp; name = connection.cpp; path = GRID/connection.cpp; sourceTree = "<group>"; };
		593FA3821DD32DFE00321A6A /* connection.hpp */ = {isa = PBXFileReference; fileEncoding = 4; lastKnownFileType = sourcecode.cpp.h; name = connection.hpp; path = GRID/connection.hpp; sourceTree = "<group>"; };
		593FA3881DD341B900321A6A /* grid.hpp */ = {isa = PBXFileReference; fileEncoding = 4; lastKnownFileType = sourcecode.cpp.h; name = grid.hpp; path = GRID/grid.hpp; sourceTree = "<group>"; };
		593FA38A1DD35CEC00321A6A /* gridUtil.cpp */ = {isa = PBXFileReference; fileEncoding = 4; lastKnownFileType = sourcecode.cpp.cpp; name = gridUtil.cpp; path = GRID/gridUtil.cpp; sourceTree = "<group>"; };
		593FA38C1DD361BC00321A6A /* preprocessingGridSU2.cpp */ = {isa = PBXFileReference; fileEncoding = 4; lastKnownFileType = sourcecode.cpp.cpp; name = preprocessingGridSU2.cpp; path = GRID/preprocessingGridSU2.cpp; sourceTree = "<group>"; };
		593FA38E1DD3630400321A6A /* preprocessingGridFluent.cpp */ = {isa = PBXFileReference; fileEncoding = 4; lastKnownFileType = sourcecode.cpp.cpp; name = preprocessingGridFluent.cpp; path = GRID/preprocessingGridFluent.cpp; sourceTree = "<group>"; };
		593FA3911DD3649300321A6A /* preprocessingGrid.cpp */ = {isa = PBXFileReference; fileEncoding = 4; lastKnownFileType = sourcecode.cpp.cpp; name = preprocessingGrid.cpp; path = GRID/preprocessingGrid.cpp; sourceTree = "<group>"; };
		593FA3951DD490C400321A6A /* grid.cpp */ = {isa = PBXFileReference; fileEncoding = 4; lastKnownFileType = sourcecode.cpp.cpp; name = grid.cpp; path = GRID/grid.cpp; sourceTree = "<group>"; };
		593FA39E1DE2F8BC00321A6A /* problemSetup.cpp */ = {isa = PBXFileReference; fileEncoding = 4; lastKnownFileType = sourcecode.cpp.cpp; path = problemSetup.cpp; sourceTree = "<group>"; };
		593FA39F1DE2F8BC00321A6A /* problemSetup.hpp */ = {isa = PBXFileReference; fileEncoding = 4; lastKnownFileType = sourcecode.cpp.h; path = problemSetup.hpp; sourceTree = "<group>"; };
		593FA3A11DE308DF00321A6A /* problemDef.hpp */ = {isa = PBXFileReference; lastKnownFileType = sourcecode.cpp.h; path = problemDef.hpp; sourceTree = "<group>"; };
		593FA3A21DE4723E00321A6A /* flowdatabase.cpp */ = {isa = PBXFileReference; fileEncoding = 4; lastKnownFileType = sourcecode.cpp.cpp; path = flowdatabase.cpp; sourceTree = "<group>"; };
		593FA3A31DE4723E00321A6A /* flowdatabase.hpp */ = {isa = PBXFileReference; fileEncoding = 4; lastKnownFileType = sourcecode.cpp.h; path = flowdatabase.hpp; sourceTree = "<group>"; };
		593FA3A51DE5BEB900321A6A /* wallMaterial.cpp */ = {isa = PBXFileReference; fileEncoding = 4; lastKnownFileType = sourcecode.cpp.cpp; path = wallMaterial.cpp; sourceTree = "<group>"; };
		593FA3A61DE5BEB900321A6A /* wallMaterial.hpp */ = {isa = PBXFileReference; fileEncoding = 4; lastKnownFileType = sourcecode.cpp.h; path = wallMaterial.hpp; sourceTree = "<group>"; };
		593FA3AB1DE6F6E700321A6A /* electronicState.cpp */ = {isa = PBXFileReference; fileEncoding = 4; lastKnownFileType = sourcecode.cpp.cpp; path = electronicState.cpp; sourceTree = "<group>"; };
		593FA3AC1DE6F6E700321A6A /* electronicState.hpp */ = {isa = PBXFileReference; fileEncoding = 4; lastKnownFileType = sourcecode.cpp.h; path = electronicState.hpp; sourceTree = "<group>"; };
		593FA3AE1DE6F96A00321A6A /* speciesDatabase.cpp */ = {isa = PBXFileReference; fileEncoding = 4; lastKnownFileType = sourcecode.cpp.cpp; path = speciesDatabase.cpp; sourceTree = "<group>"; };
		593FA3AF1DE6F96A00321A6A /* speciesDatabase.hpp */ = {isa = PBXFileReference; fileEncoding = 4; lastKnownFileType = sourcecode.cpp.h; path = speciesDatabase.hpp; sourceTree = "<group>"; };
		593FA3B11DE71F5600321A6A /* kev.cpp */ = {isa = PBXFileReference; fileEncoding = 4; lastKnownFileType = sourcecode.cpp.cpp; path = kev.cpp; sourceTree = "<group>"; };
		593FA3B21DE71F5600321A6A /* kev.hpp */ = {isa = PBXFileReference; fileEncoding = 4; lastKnownFileType = sourcecode.cpp.h; path = kev.hpp; sourceTree = "<group>"; };
		593FA3B41DE7240000321A6A /* LeRc.cpp */ = {isa = PBXFileReference; fileEncoding = 4; lastKnownFileType = sourcecode.cpp.cpp; path = LeRc.cpp; sourceTree = "<group>"; };
		593FA3B51DE7240000321A6A /* LeRc.hpp */ = {isa = PBXFileReference; fileEncoding = 4; lastKnownFileType = sourcecode.cpp.h; path = LeRc.hpp; sourceTree = "<group>"; };
		593FA3B71DEC3FCB00321A6A /* chemConstants.hpp */ = {isa = PBXFileReference; lastKnownFileType = sourcecode.cpp.h; path = chemConstants.hpp; sourceTree = "<group>"; };
		593FA3B91DEC86EB00321A6A /* Blottner.cpp */ = {isa = PBXFileReference; fileEncoding = 4; lastKnownFileType = sourcecode.cpp.cpp; path = Blottner.cpp; sourceTree = "<group>"; };
		593FA3BA1DEC86EB00321A6A /* Blottner.hpp */ = {isa = PBXFileReference; fileEncoding = 4; lastKnownFileType = sourcecode.cpp.h; path = Blottner.hpp; sourceTree = "<group>"; };
		593FA3BC1DEC890600321A6A /* Sutherland.cpp */ = {isa = PBXFileReference; fileEncoding = 4; lastKnownFileType = sourcecode.cpp.cpp; path = Sutherland.cpp; sourceTree = "<group>"; };
		593FA3BD1DEC890600321A6A /* Sutherland.hpp */ = {isa = PBXFileReference; fileEncoding = 4; lastKnownFileType = sourcecode.cpp.h; path = Sutherland.hpp; sourceTree = "<group>"; };
		593FA3BF1DEDD87F00321A6A /* viscosity_kinetic_theory.cpp */ = {isa = PBXFileReference; fileEncoding = 4; lastKnownFileType = sourcecode.cpp.cpp; path = viscosity_kinetic_theory.cpp; sourceTree = "<group>"; };
		593FA3C01DEDD87F00321A6A /* viscosity_kinetic_theory.hpp */ = {isa = PBXFileReference; fileEncoding = 4; lastKnownFileType = sourcecode.cpp.h; path = viscosity_kinetic_theory.hpp; sourceTree = "<group>"; };
		593FA3C51DF02E4200321A6A /* dataCFD.cpp */ = {isa = PBXFileReference; fileEncoding = 4; lastKnownFileType = sourcecode.cpp.cpp; path = dataCFD.cpp; sourceTree = "<group>"; };
		593FA3C61DF02E4200321A6A /* dataCFD.hpp */ = {isa = PBXFileReference; fileEncoding = 4; lastKnownFileType = sourcecode.cpp.h; path = dataCFD.hpp; sourceTree = "<group>"; };
		594E7EB51E3A232C007B105B /* variableMapCFD.cpp */ = {isa = PBXFileReference; fileEncoding = 4; lastKnownFileType = sourcecode.cpp.cpp; path = variableMapCFD.cpp; sourceTree = "<group>"; };
		594E7EB61E3A232C007B105B /* variableMapCFD.hpp */ = {isa = PBXFileReference; fileEncoding = 4; lastKnownFileType = sourcecode.cpp.h; path = variableMapCFD.hpp; sourceTree = "<group>"; };
		594E7EBB1E48C5F1007B105B /* temperatureFns.cpp */ = {isa = PBXFileReference; fileEncoding = 4; lastKnownFileType = sourcecode.cpp.cpp; path = temperatureFns.cpp; sourceTree = "<group>"; };
		594E7EBC1E48C5F1007B105B /* temperatureFns.hpp */ = {isa = PBXFileReference; fileEncoding = 4; lastKnownFileType = sourcecode.cpp.h; path = temperatureFns.hpp; sourceTree = "<group>"; };
		594E7EBE1E4A00DC007B105B /* primitive_variables_fluid0.cpp */ = {isa = PBXFileReference; fileEncoding = 4; lastKnownFileType = sourcecode.cpp.cpp; path = primitive_variables_fluid0.cpp; sourceTree = "<group>"; };
		594E7EBF1E4A00DC007B105B /* primitive_variables_fluid0.hpp */ = {isa = PBXFileReference; fileEncoding = 4; lastKnownFileType = sourcecode.cpp.h; path = primitive_variables_fluid0.hpp; sourceTree = "<group>"; };
		594E7EC51E4A1DDD007B105B /* primitive_variables_fluid1.cpp */ = {isa = PBXFileReference; fileEncoding = 4; lastKnownFileType = sourcecode.cpp.cpp; path = primitive_variables_fluid1.cpp; sourceTree = "<group>"; };
		594E7EC61E4A1DDD007B105B /* primitive_variables_fluid1.hpp */ = {isa = PBXFileReference; fileEncoding = 4; lastKnownFileType = sourcecode.cpp.h; path = primitive_variables_fluid1.hpp; sourceTree = "<group>"; };
		594E7EC81E4A2BD6007B105B /* primitive_variables_fluid3.cpp */ = {isa = PBXFileReference; fileEncoding = 4; lastKnownFileType = sourcecode.cpp.cpp; path = primitive_variables_fluid3.cpp; sourceTree = "<group>"; };
		594E7EC91E4A2BD6007B105B /* primitive_variables_fluid3.hpp */ = {isa = PBXFileReference; fileEncoding = 4; lastKnownFileType = sourcecode.cpp.h; path = primitive_variables_fluid3.hpp; sourceTree = "<group>"; };
		594E7ECB1E4A3121007B105B /* primitive_variables_fluid4.cpp */ = {isa = PBXFileReference; fileEncoding = 4; lastKnownFileType = sourcecode.cpp.cpp; path = primitive_variables_fluid4.cpp; sourceTree = "<group>"; };
		594E7ECC1E4A3121007B105B /* primitive_variables_fluid4.hpp */ = {isa = PBXFileReference; fileEncoding = 4; lastKnownFileType = sourcecode.cpp.h; path = primitive_variables_fluid4.hpp; sourceTree = "<group>"; };
		594E7ECE1E4B3552007B105B /* primitive_variables_fluid5.cpp */ = {isa = PBXFileReference; fileEncoding = 4; lastKnownFileType = sourcecode.cpp.cpp; path = primitive_variables_fluid5.cpp; sourceTree = "<group>"; };
		594E7ECF1E4B3552007B105B /* primitive_variables_fluid5.hpp */ = {isa = PBXFileReference; fileEncoding = 4; lastKnownFileType = sourcecode.cpp.h; path = primitive_variables_fluid5.hpp; sourceTree = "<group>"; };
		594E7ED11E4B5350007B105B /* primitive_variables_fluid9.cpp */ = {isa = PBXFileReference; fileEncoding = 4; lastKnownFileType = sourcecode.cpp.cpp; path = primitive_variables_fluid9.cpp; sourceTree = "<group>"; };
		594E7ED21E4B5350007B105B /* primitive_variables_fluid9.hpp */ = {isa = PBXFileReference; fileEncoding = 4; lastKnownFileType = sourcecode.cpp.h; path = primitive_variables_fluid9.hpp; sourceTree = "<group>"; };
		594E7ED41E4B571A007B105B /* primitive_variables_fluid27.cpp */ = {isa = PBXFileReference; fileEncoding = 4; lastKnownFileType = sourcecode.cpp.cpp; path = primitive_variables_fluid27.cpp; sourceTree = "<group>"; };
		594E7ED51E4B571A007B105B /* primitive_variables_fluid27.hpp */ = {isa = PBXFileReference; fileEncoding = 4; lastKnownFileType = sourcecode.cpp.h; path = primitive_variables_fluid27.hpp; sourceTree = "<group>"; };
		594E7ED71E4B5D56007B105B /* primitive_variables_fluid10.cpp */ = {isa = PBXFileReference; fileEncoding = 4; lastKnownFileType = sourcecode.cpp.cpp; path = primitive_variables_fluid10.cpp; sourceTree = "<group>"; };
		594E7ED81E4B5D56007B105B /* primitive_variables_fluid10.hpp */ = {isa = PBXFileReference; fileEncoding = 4; lastKnownFileType = sourcecode.cpp.h; path = primitive_variables_fluid10.hpp; sourceTree = "<group>"; };
		594E7EDA1E4B60DD007B105B /* primitive_variables_fluid11.cpp */ = {isa = PBXFileReference; fileEncoding = 4; lastKnownFileType = sourcecode.cpp.cpp; path = primitive_variables_fluid11.cpp; sourceTree = "<group>"; };
		594E7EDB1E4B60DD007B105B /* primitive_variables_fluid11.hpp */ = {isa = PBXFileReference; fileEncoding = 4; lastKnownFileType = sourcecode.cpp.h; path = primitive_variables_fluid11.hpp; sourceTree = "<group>"; };
		594E7EDD1E4B64F4007B105B /* primitive_variables_fluid12.cpp */ = {isa = PBXFileReference; fileEncoding = 4; lastKnownFileType = sourcecode.cpp.cpp; path = primitive_variables_fluid12.cpp; sourceTree = "<group>"; };
		594E7EDE1E4B64F4007B105B /* primitive_variables_fluid12.hpp */ = {isa = PBXFileReference; fileEncoding = 4; lastKnownFileType = sourcecode.cpp.h; path = primitive_variables_fluid12.hpp; sourceTree = "<group>"; };
		594E7EE01E4B6723007B105B /* primitive_variables_fluid13.cpp */ = {isa = PBXFileReference; fileEncoding = 4; lastKnownFileType = sourcecode.cpp.cpp; path = primitive_variables_fluid13.cpp; sourceTree = "<group>"; };
		594E7EE11E4B6723007B105B /* primitive_variables_fluid13.hpp */ = {isa = PBXFileReference; fileEncoding = 4; lastKnownFileType = sourcecode.cpp.h; path = primitive_variables_fluid13.hpp; sourceTree = "<group>"; };
		594E7EE31E4B6AFC007B105B /* primitive_variables_fluid14.cpp */ = {isa = PBXFileReference; fileEncoding = 4; lastKnownFileType = sourcecode.cpp.cpp; path = primitive_variables_fluid14.cpp; sourceTree = "<group>"; };
		594E7EE41E4B6AFC007B105B /* primitive_variables_fluid14.hpp */ = {isa = PBXFileReference; fileEncoding = 4; lastKnownFileType = sourcecode.cpp.h; path = primitive_variables_fluid14.hpp; sourceTree = "<group>"; };
		594E7EE61E4B6E77007B105B /* primitive_variables_fluid15.cpp */ = {isa = PBXFileReference; fileEncoding = 4; lastKnownFileType = sourcecode.cpp.cpp; path = primitive_variables_fluid15.cpp; sourceTree = "<group>"; };
		594E7EE71E4B6E77007B105B /* primitive_variables_fluid15.hpp */ = {isa = PBXFileReference; fileEncoding = 4; lastKnownFileType = sourcecode.cpp.h; path = primitive_variables_fluid15.hpp; sourceTree = "<group>"; };
		594E7EE91E4B6E86007B105B /* primitive_variables_fluid16.cpp */ = {isa = PBXFileReference; fileEncoding = 4; lastKnownFileType = sourcecode.cpp.cpp; path = primitive_variables_fluid16.cpp; sourceTree = "<group>"; };
		594E7EEA1E4B6E86007B105B /* primitive_variables_fluid16.hpp */ = {isa = PBXFileReference; fileEncoding = 4; lastKnownFileType = sourcecode.cpp.h; path = primitive_variables_fluid16.hpp; sourceTree = "<group>"; };
		594E7EEC1E4B6E92007B105B /* primitive_variables_fluid17.cpp */ = {isa = PBXFileReference; fileEncoding = 4; lastKnownFileType = sourcecode.cpp.cpp; path = primitive_variables_fluid17.cpp; sourceTree = "<group>"; };
		594E7EED1E4B6E92007B105B /* primitive_variables_fluid17.hpp */ = {isa = PBXFileReference; fileEncoding = 4; lastKnownFileType = sourcecode.cpp.h; path = primitive_variables_fluid17.hpp; sourceTree = "<group>"; };
		594FF1391D8FDA38009A6ABB /* dataDef.hpp */ = {isa = PBXFileReference; fileEncoding = 4; lastKnownFileType = sourcecode.cpp.h; path = dataDef.hpp; sourceTree = "<group>"; };
		594FF13A1D8FDA38009A6ABB /* object.cpp */ = {isa = PBXFileReference; fileEncoding = 4; lastKnownFileType = sourcecode.cpp.cpp; path = object.cpp; sourceTree = "<group>"; };
		594FF13B1D8FDA38009A6ABB /* object.hpp */ = {isa = PBXFileReference; fileEncoding = 4; lastKnownFileType = sourcecode.cpp.h; path = object.hpp; sourceTree = "<group>"; };
		594FF13C1D8FDA38009A6ABB /* OP2ACFD.hpp */ = {isa = PBXFileReference; fileEncoding = 4; lastKnownFileType = sourcecode.cpp.h; path = OP2ACFD.hpp; sourceTree = "<group>"; };
		594FF13D1D8FDA38009A6ABB /* OP2ACFDversionInfo.hpp */ = {isa = PBXFileReference; fileEncoding = 4; lastKnownFileType = sourcecode.cpp.h; path = OP2ACFDversionInfo.hpp; sourceTree = "<group>"; };
		594FF13E1D8FDA38009A6ABB /* particle.cpp */ = {isa = PBXFileReference; fileEncoding = 4; lastKnownFileType = sourcecode.cpp.cpp; path = particle.cpp; sourceTree = "<group>"; };
		594FF13F1D8FDA38009A6ABB /* particle.hpp */ = {isa = PBXFileReference; fileEncoding = 4; lastKnownFileType = sourcecode.cpp.h; path = particle.hpp; sourceTree = "<group>"; };
		594FF14A1D8FDBBF009A6ABB /* preprocessingCFD.cpp */ = {isa = PBXFileReference; fileEncoding = 4; lastKnownFileType = sourcecode.cpp.cpp; path = preprocessingCFD.cpp; sourceTree = "<group>"; };
		595BB0331E263A7000B3A6EF /* gridCFD.cpp */ = {isa = PBXFileReference; fileEncoding = 4; lastKnownFileType = sourcecode.cpp.cpp; path = gridCFD.cpp; sourceTree = "<group>"; };
		595BB0341E263A7000B3A6EF /* gridCFD.hpp */ = {isa = PBXFileReference; fileEncoding = 4; lastKnownFileType = sourcecode.cpp.h; path = gridCFD.hpp; sourceTree = "<group>"; };
		595BB0361E266EC600B3A6EF /* node.cpp */ = {isa = PBXFileReference; fileEncoding = 4; lastKnownFileType = sourcecode.cpp.cpp; name = node.cpp; path = GRID/node.cpp; sourceTree = "<group>"; };
		595BB0371E266EC600B3A6EF /* node.hpp */ = {isa = PBXFileReference; fileEncoding = 4; lastKnownFileType = sourcecode.cpp.h; name = node.hpp; path = GRID/node.hpp; sourceTree = "<group>"; };
		595BB0391E269AC800B3A6EF /* dataDSMC.cpp */ = {isa = PBXFileReference; fileEncoding = 4; lastKnownFileType = sourcecode.cpp.cpp; path = dataDSMC.cpp; sourceTree = "<group>"; };
		595BB03A1E269AC800B3A6EF /* dataDSMC.hpp */ = {isa = PBXFileReference; fileEncoding = 4; lastKnownFileType = sourcecode.cpp.h; path = dataDSMC.hpp; sourceTree = "<group>"; };
		595BB03C1E27DB5200B3A6EF /* face.cpp */ = {isa = PBXFileReference; fileEncoding = 4; lastKnownFileType = sourcecode.cpp.cpp; name = face.cpp; path = GRID/face.cpp; sourceTree = "<group>"; };
		595BB03D1E27DB5200B3A6EF /* face.hpp */ = {isa = PBXFileReference; fileEncoding = 4; lastKnownFileType = sourcecode.cpp.h; name = face.hpp; path = GRID/face.hpp; sourceTree = "<group>"; };
		595BB03F1E29394D00B3A6EF /* cell.cpp */ = {isa = PBXFileReference; fileEncoding = 4; lastKnownFileType = sourcecode.cpp.cpp; name = cell.cpp; path = GRID/cell.cpp; sourceTree = "<group>"; };
		595BB0401E29394D00B3A6EF /* cell.hpp */ = {isa = PBXFileReference; fileEncoding = 4; lastKnownFileType = sourcecode.cpp.h; name = cell.hpp; path = GRID/cell.hpp; sourceTree = "<group>"; };
		595BB0421E293E0C00B3A6EF /* data.cpp */ = {isa = PBXFileReference; fileEncoding = 4; lastKnownFileType = sourcecode.cpp.cpp; path = data.cpp; sourceTree = "<group>"; };
		595BB0431E293E0C00B3A6EF /* data.hpp */ = {isa = PBXFileReference; fileEncoding = 4; lastKnownFileType = sourcecode.cpp.h; path = data.hpp; sourceTree = "<group>"; };
		595BB0451E2CE20500B3A6EF /* grid_def.hpp */ = {isa = PBXFileReference; lastKnownFileType = sourcecode.cpp.h; name = grid_def.hpp; path = GRID/grid_def.hpp; sourceTree = "<group>"; };
		595BB0461E2E5D8D00B3A6EF /* assignIC.cpp */ = {isa = PBXFileReference; fileEncoding = 4; lastKnownFileType = sourcecode.cpp.cpp; path = assignIC.cpp; sourceTree = "<group>"; };
		595BB0481E323F3C00B3A6EF /* primitive_variables.cpp */ = {isa = PBXFileReference; fileEncoding = 4; lastKnownFileType = sourcecode.cpp.cpp; path = primitive_variables.cpp; sourceTree = "<group>"; };
		595BB0491E323F3C00B3A6EF /* primitive_variables.hpp */ = {isa = PBXFileReference; fileEncoding = 4; lastKnownFileType = sourcecode.cpp.h; path = primitive_variables.hpp; sourceTree = "<group>"; };
		595BB04E1E36573F00B3A6EF /* variableMap.cpp */ = {isa = PBXFileReference; fileEncoding = 4; lastKnownFileType = sourcecode.cpp.cpp; path = variableMap.cpp; sourceTree = "<group>"; };
		595BB04F1E36573F00B3A6EF /* variableMap.hpp */ = {isa = PBXFileReference; fileEncoding = 4; lastKnownFileType = sourcecode.cpp.h; path = variableMap.hpp; sourceTree = "<group>"; };
		595BB0511E365F1100B3A6EF /* ProbPhysicalModel.cpp */ = {isa = PBXFileReference; fileEncoding = 4; lastKnownFileType = sourcecode.cpp.cpp; path = ProbPhysicalModel.cpp; sourceTree = "<group>"; };
		595BB0521E365F1100B3A6EF /* ProbPhysicalModel.hpp */ = {isa = PBXFileReference; fileEncoding = 4; lastKnownFileType = sourcecode.cpp.h; path = ProbPhysicalModel.hpp; sourceTree = "<group>"; };
		598431B71E38AE0800EF24EB /* ProbFluidSetting.cpp */ = {isa = PBXFileReference; fileEncoding = 4; lastKnownFileType = sourcecode.cpp.cpp; path = ProbFluidSetting.cpp; sourceTree = "<group>"; };
		598431B81E38AE0800EF24EB /* ProbFluidSetting.hpp */ = {isa = PBXFileReference; fileEncoding = 4; lastKnownFileType = sourcecode.cpp.h; path = ProbFluidSetting.hpp; sourceTree = "<group>"; };
/* End PBXFileReference section */

/* Begin PBXFrameworksBuildPhase section */
		59265FE61D8AC0AE006298DC /* Frameworks */ = {
			isa = PBXFrameworksBuildPhase;
			buildActionMask = 2147483647;
			files = (
			);
			runOnlyForDeploymentPostprocessing = 0;
		};
/* End PBXFrameworksBuildPhase section */

/* Begin PBXGroup section */
		59265FE01D8AC0AE006298DC = {
			isa = PBXGroup;
			children = (
				59265FEB1D8AC0AE006298DC /* Source */,
				59265FEA1D8AC0AE006298DC /* Products */,
			);
			sourceTree = "<group>";
		};
		59265FEA1D8AC0AE006298DC /* Products */ = {
			isa = PBXGroup;
			children = (
				59265FE91D8AC0AE006298DC /* OP2A */,
			);
			name = Products;
			sourceTree = "<group>";
		};
		59265FEB1D8AC0AE006298DC /* Source */ = {
			isa = PBXGroup;
			children = (
				593FA3861DD3413A00321A6A /* IO */,
				593FA3411DD212E000321A6A /* CHEM */,
				594FF1491D8FDB38009A6ABB /* CFD */,
				594FF1481D8FDA96009A6ABB /* PHYS */,
				594FF1381D8FD9F2009A6ABB /* DATA */,
				5926607E1D8ACCE3006298DC /* GRID */,
				592660711D8ACC2B006298DC /* MATH_MK */,
				592660431D8ACBBE006298DC /* COMM */,
				59265FEC1D8AC0AE006298DC /* main.cpp */,
			);
			path = Source;
			sourceTree = "<group>";
		};
		592660431D8ACBBE006298DC /* COMM */ = {
			isa = PBXGroup;
			children = (
				592660441D8ACC18006298DC /* assert_mk.cpp */,
				592660451D8ACC18006298DC /* assert_mk.hpp */,
				592660461D8ACC18006298DC /* codelocation.cpp */,
				592660471D8ACC18006298DC /* codelocation.hpp */,
				592660481D8ACC18006298DC /* common.hpp */,
				592660491D8ACC18006298DC /* commonAPI.hpp */,
				5926604A1D8ACC18006298DC /* error_check.cpp */,
				5926604B1D8ACC18006298DC /* error_check.hpp */,
				5926604C1D8ACC18006298DC /* error_codes.cpp */,
				5926604D1D8ACC18006298DC /* error_codes.hpp */,
				5926604E1D8ACC18006298DC /* error_exception.cpp */,
				5926604F1D8ACC18006298DC /* error_exception.hpp */,
				592660501D8ACC18006298DC /* exportAPI.hpp */,
				592660511D8ACC18006298DC /* fileHandle.cpp */,
				592660521D8ACC18006298DC /* fileHandle.hpp */,
				592660531D8ACC18006298DC /* map1D.hpp */,
				592660541D8ACC18006298DC /* MultiVector.cpp */,
				592660551D8ACC18006298DC /* MultiVector.hpp */,
				592660561D8ACC18006298DC /* noncopyable.hpp */,
				592660571D8ACC18006298DC /* noninstantiable.hpp */,
				592660581D8ACC18006298DC /* processorinfo.cpp */,
				592660591D8ACC18006298DC /* processorinfo.hpp */,
				5926605A1D8ACC18006298DC /* readdatafromstring.cpp */,
				5926605B1D8ACC18006298DC /* readdatafromstring.hpp */,
				5926605C1D8ACC18006298DC /* StringOps.cpp */,
				5926605D1D8ACC18006298DC /* StringOps.hpp */,
				5926605E1D8ACC18006298DC /* timer.cpp */,
				5926605F1D8ACC18006298DC /* timer.hpp */,
				592660601D8ACC18006298DC /* VectorCompare.cpp */,
				592660611D8ACC18006298DC /* VectorCompare.hpp */,
				592660621D8ACC18006298DC /* version.cpp */,
				592660631D8ACC18006298DC /* version.hpp */,
			);
			name = COMM;
			sourceTree = "<group>";
		};
		592660711D8ACC2B006298DC /* MATH_MK */ = {
			isa = PBXGroup;
			children = (
				592660721D8ACCA4006298DC /* cal_area.cpp */,
				592660731D8ACCA4006298DC /* cal_area.hpp */,
				592660741D8ACCA4006298DC /* linear_algebra.cpp */,
				592660751D8ACCA4006298DC /* linear_algebra.hpp */,
				592660761D8ACCA4006298DC /* matrix.cpp */,
				592660771D8ACCA4006298DC /* matrix.hpp */,
				592660781D8ACCA4006298DC /* random_number_fns.cpp */,
				592660791D8ACCA4006298DC /* random_number_fns.hpp */,
			);
			name = MATH_MK;
			sourceTree = "<group>";
		};
		5926607E1D8ACCE3006298DC /* GRID */ = {
			isa = PBXGroup;
			children = (
				592660821D8ACD0F006298DC /* element.hpp */,
				592660841D8ACD0F006298DC /* index.cpp */,
				592660851D8ACD0F006298DC /* index.hpp */,
				592660861D8ACD0F006298DC /* stencilinfo.hpp */,
				593FA37E1DD31D5D00321A6A /* geometry.cpp */,
				593FA37F1DD31D5E00321A6A /* geometry.hpp */,
				593FA3811DD32DFE00321A6A /* connection.cpp */,
				593FA3821DD32DFE00321A6A /* connection.hpp */,
				593FA3881DD341B900321A6A /* grid.hpp */,
				593FA3951DD490C400321A6A /* grid.cpp */,
				593FA38A1DD35CEC00321A6A /* gridUtil.cpp */,
				593FA38C1DD361BC00321A6A /* preprocessingGridSU2.cpp */,
				593FA38E1DD3630400321A6A /* preprocessingGridFluent.cpp */,
				593FA3911DD3649300321A6A /* preprocessingGrid.cpp */,
				595BB0361E266EC600B3A6EF /* node.cpp */,
				595BB0371E266EC600B3A6EF /* node.hpp */,
				595BB03C1E27DB5200B3A6EF /* face.cpp */,
				595BB03D1E27DB5200B3A6EF /* face.hpp */,
				595BB03F1E29394D00B3A6EF /* cell.cpp */,
				595BB0401E29394D00B3A6EF /* cell.hpp */,
				595BB0451E2CE20500B3A6EF /* grid_def.hpp */,
			);
			name = GRID;
			sourceTree = "<group>";
		};
		593FA3411DD212E000321A6A /* CHEM */ = {
			isa = PBXGroup;
			children = (
				593FA33E1DD212D800321A6A /* species.cpp */,
				593FA33F1DD212D800321A6A /* species.hpp */,
				593FA3AB1DE6F6E700321A6A /* electronicState.cpp */,
				593FA3AC1DE6F6E700321A6A /* electronicState.hpp */,
				593FA3AE1DE6F96A00321A6A /* speciesDatabase.cpp */,
				593FA3AF1DE6F96A00321A6A /* speciesDatabase.hpp */,
				593FA3B11DE71F5600321A6A /* kev.cpp */,
				593FA3B21DE71F5600321A6A /* kev.hpp */,
				593FA3B41DE7240000321A6A /* LeRc.cpp */,
				593FA3B51DE7240000321A6A /* LeRc.hpp */,
				593FA3B71DEC3FCB00321A6A /* chemConstants.hpp */,
				593FA3B91DEC86EB00321A6A /* Blottner.cpp */,
				593FA3BA1DEC86EB00321A6A /* Blottner.hpp */,
				593FA3BC1DEC890600321A6A /* Sutherland.cpp */,
				593FA3BD1DEC890600321A6A /* Sutherland.hpp */,
				593FA3BF1DEDD87F00321A6A /* viscosity_kinetic_theory.cpp */,
				593FA3C01DEDD87F00321A6A /* viscosity_kinetic_theory.hpp */,
			);
			path = CHEM;
			sourceTree = "<group>";
		};
		593FA3861DD3413A00321A6A /* IO */ = {
			isa = PBXGroup;
			children = (
			);
			name = IO;
			sourceTree = "<group>";
		};
		594FF1381D8FD9F2009A6ABB /* DATA */ = {
			isa = PBXGroup;
			children = (
				594FF1391D8FDA38009A6ABB /* dataDef.hpp */,
				594FF13A1D8FDA38009A6ABB /* object.cpp */,
				594FF13B1D8FDA38009A6ABB /* object.hpp */,
				593FA39E1DE2F8BC00321A6A /* problemSetup.cpp */,
				593FA39F1DE2F8BC00321A6A /* problemSetup.hpp */,
				593FA3A11DE308DF00321A6A /* problemDef.hpp */,
				593FA3A21DE4723E00321A6A /* flowdatabase.cpp */,
				593FA3A31DE4723E00321A6A /* flowdatabase.hpp */,
				593FA3A51DE5BEB900321A6A /* wallMaterial.cpp */,
				593FA3A61DE5BEB900321A6A /* wallMaterial.hpp */,
				593FA3C51DF02E4200321A6A /* dataCFD.cpp */,
				593FA3C61DF02E4200321A6A /* dataCFD.hpp */,
				595BB0391E269AC800B3A6EF /* dataDSMC.cpp */,
				595BB03A1E269AC800B3A6EF /* dataDSMC.hpp */,
				595BB0421E293E0C00B3A6EF /* data.cpp */,
				595BB0431E293E0C00B3A6EF /* data.hpp */,
				595BB04E1E36573F00B3A6EF /* variableMap.cpp */,
				595BB04F1E36573F00B3A6EF /* variableMap.hpp */,
				595BB0511E365F1100B3A6EF /* ProbPhysicalModel.cpp */,
				595BB0521E365F1100B3A6EF /* ProbPhysicalModel.hpp */,
				598431B71E38AE0800EF24EB /* ProbFluidSetting.cpp */,
				598431B81E38AE0800EF24EB /* ProbFluidSetting.hpp */,
			);
			path = DATA;
			sourceTree = "<group>";
		};
		594FF1481D8FDA96009A6ABB /* PHYS */ = {
			isa = PBXGroup;
			children = (
				594FF13E1D8FDA38009A6ABB /* particle.cpp */,
				594FF13F1D8FDA38009A6ABB /* particle.hpp */,
			);
			path = PHYS;
			sourceTree = "<group>";
		};
		594FF1491D8FDB38009A6ABB /* CFD */ = {
			isa = PBXGroup;
			children = (
				594FF14A1D8FDBBF009A6ABB /* preprocessingCFD.cpp */,
				594FF13C1D8FDA38009A6ABB /* OP2ACFD.hpp */,
				594FF13D1D8FDA38009A6ABB /* OP2ACFDversionInfo.hpp */,
				595BB0331E263A7000B3A6EF /* gridCFD.cpp */,
				595BB0341E263A7000B3A6EF /* gridCFD.hpp */,
				595BB0461E2E5D8D00B3A6EF /* assignIC.cpp */,
				595BB0481E323F3C00B3A6EF /* primitive_variables.cpp */,
				595BB0491E323F3C00B3A6EF /* primitive_variables.hpp */,
				594E7EB51E3A232C007B105B /* variableMapCFD.cpp */,
				594E7EB61E3A232C007B105B /* variableMapCFD.hpp */,
				594E7EBB1E48C5F1007B105B /* temperatureFns.cpp */,
				594E7EBC1E48C5F1007B105B /* temperatureFns.hpp */,
				594E7EBE1E4A00DC007B105B /* primitive_variables_fluid0.cpp */,
				594E7EBF1E4A00DC007B105B /* primitive_variables_fluid0.hpp */,
				594E7EC51E4A1DDD007B105B /* primitive_variables_fluid1.cpp */,
				594E7EC61E4A1DDD007B105B /* primitive_variables_fluid1.hpp */,
				594E7EC81E4A2BD6007B105B /* primitive_variables_fluid3.cpp */,
				594E7EC91E4A2BD6007B105B /* primitive_variables_fluid3.hpp */,
				594E7ECB1E4A3121007B105B /* primitive_variables_fluid4.cpp */,
				594E7ECC1E4A3121007B105B /* primitive_variables_fluid4.hpp */,
				594E7ECE1E4B3552007B105B /* primitive_variables_fluid5.cpp */,
				594E7ECF1E4B3552007B105B /* primitive_variables_fluid5.hpp */,
				594E7ED11E4B5350007B105B /* primitive_variables_fluid9.cpp */,
				594E7ED21E4B5350007B105B /* primitive_variables_fluid9.hpp */,
				594E7ED71E4B5D56007B105B /* primitive_variables_fluid10.cpp */,
				594E7ED81E4B5D56007B105B /* primitive_variables_fluid10.hpp */,
				594E7EDA1E4B60DD007B105B /* primitive_variables_fluid11.cpp */,
				594E7EDB1E4B60DD007B105B /* primitive_variables_fluid11.hpp */,
				594E7EDD1E4B64F4007B105B /* primitive_variables_fluid12.cpp */,
				594E7EDE1E4B64F4007B105B /* primitive_variables_fluid12.hpp */,
				594E7EE01E4B6723007B105B /* primitive_variables_fluid13.cpp */,
				594E7EE11E4B6723007B105B /* primitive_variables_fluid13.hpp */,
				594E7EE31E4B6AFC007B105B /* primitive_variables_fluid14.cpp */,
				594E7EE41E4B6AFC007B105B /* primitive_variables_fluid14.hpp */,
				594E7EE61E4B6E77007B105B /* primitive_variables_fluid15.cpp */,
				594E7EE71E4B6E77007B105B /* primitive_variables_fluid15.hpp */,
				594E7EE91E4B6E86007B105B /* primitive_variables_fluid16.cpp */,
				594E7EEA1E4B6E86007B105B /* primitive_variables_fluid16.hpp */,
				594E7EEC1E4B6E92007B105B /* primitive_variables_fluid17.cpp */,
				594E7EED1E4B6E92007B105B /* primitive_variables_fluid17.hpp */,
				594E7ED41E4B571A007B105B /* primitive_variables_fluid27.cpp */,
				594E7ED51E4B571A007B105B /* primitive_variables_fluid27.hpp */,
			);
			path = CFD;
			sourceTree = "<group>";
		};
/* End PBXGroup section */

/* Begin PBXNativeTarget section */
		59265FE81D8AC0AE006298DC /* OP2A */ = {
			isa = PBXNativeTarget;
			buildConfigurationList = 59265FF01D8AC0AE006298DC /* Build configuration list for PBXNativeTarget "OP2A" */;
			buildPhases = (
				59265FE51D8AC0AE006298DC /* Sources */,
				59265FE61D8AC0AE006298DC /* Frameworks */,
				59265FE71D8AC0AE006298DC /* CopyFiles */,
			);
			buildRules = (
			);
			dependencies = (
			);
			name = OP2A;
			productName = OP2A;
			productReference = 59265FE91D8AC0AE006298DC /* OP2A */;
			productType = "com.apple.product-type.tool";
		};
/* End PBXNativeTarget section */

/* Begin PBXProject section */
		59265FE11D8AC0AE006298DC /* Project object */ = {
			isa = PBXProject;
			attributes = {
				LastUpgradeCheck = 0730;
				ORGANIZATIONNAME = "Kim M.K.";
				TargetAttributes = {
					59265FE81D8AC0AE006298DC = {
						CreatedOnToolsVersion = 7.3.1;
					};
				};
			};
			buildConfigurationList = 59265FE41D8AC0AE006298DC /* Build configuration list for PBXProject "OP2A" */;
			compatibilityVersion = "Xcode 3.2";
			developmentRegion = English;
			hasScannedForEncodings = 0;
			knownRegions = (
				en,
			);
			mainGroup = 59265FE01D8AC0AE006298DC;
			productRefGroup = 59265FEA1D8AC0AE006298DC /* Products */;
			projectDirPath = "";
			projectRoot = "";
			targets = (
				59265FE81D8AC0AE006298DC /* OP2A */,
			);
		};
/* End PBXProject section */

/* Begin PBXSourcesBuildPhase section */
		59265FE51D8AC0AE006298DC /* Sources */ = {
			isa = PBXSourcesBuildPhase;
			buildActionMask = 2147483647;
			files = (
				5926606F1D8ACC18006298DC /* VectorCompare.cpp in Sources */,
				592660421D8ACB3D006298DC /* main.cpp in Sources */,
				594E7ECA1E4A2BD6007B105B /* primitive_variables_fluid3.cpp in Sources */,
				594E7EE51E4B6AFC007B105B /* primitive_variables_fluid14.cpp in Sources */,
				594E7EE81E4B6E77007B105B /* primitive_variables_fluid15.cpp in Sources */,
				593FA3801DD31D5E00321A6A /* geometry.cpp in Sources */,
				593FA3A01DE2F8BC00321A6A /* problemSetup.cpp in Sources */,
				593FA3A41DE4723E00321A6A /* flowdatabase.cpp in Sources */,
				595BB0411E29394D00B3A6EF /* cell.cpp in Sources */,
				592660701D8ACC18006298DC /* version.cpp in Sources */,
				595BB03B1E269AC800B3A6EF /* dataDSMC.cpp in Sources */,
				593FA3AD1DE6F6E700321A6A /* electronicState.cpp in Sources */,
				593FA3A71DE5BEB900321A6A /* wallMaterial.cpp in Sources */,
				592660651D8ACC18006298DC /* codelocation.cpp in Sources */,
				595BB0531E365F1100B3A6EF /* ProbPhysicalModel.cpp in Sources */,
				5926606B1D8ACC18006298DC /* processorinfo.cpp in Sources */,
				595BB0501E36573F00B3A6EF /* variableMap.cpp in Sources */,
				594E7ED61E4B571A007B105B /* primitive_variables_fluid27.cpp in Sources */,
				592660671D8ACC18006298DC /* error_codes.cpp in Sources */,
				593FA3B61DE7240000321A6A /* LeRc.cpp in Sources */,
				594E7EB71E3A232C007B105B /* variableMapCFD.cpp in Sources */,
				592660641D8ACC18006298DC /* assert_mk.cpp in Sources */,
				594FF1401D8FDA38009A6ABB /* object.cpp in Sources */,
				594E7ED31E4B5350007B105B /* primitive_variables_fluid9.cpp in Sources */,
				594E7EEE1E4B6E92007B105B /* primitive_variables_fluid17.cpp in Sources */,
				594E7ED01E4B3552007B105B /* primitive_variables_fluid5.cpp in Sources */,
				592660681D8ACC18006298DC /* error_exception.cpp in Sources */,
				594E7EE21E4B6723007B105B /* primitive_variables_fluid13.cpp in Sources */,
				593FA3961DD490C400321A6A /* grid.cpp in Sources */,
				594E7EC71E4A1DDD007B105B /* primitive_variables_fluid1.cpp in Sources */,
				594E7EEB1E4B6E86007B105B /* primitive_variables_fluid16.cpp in Sources */,
				594E7EDF1E4B64F4007B105B /* primitive_variables_fluid12.cpp in Sources */,
				594E7EBD1E48C5F1007B105B /* temperatureFns.cpp in Sources */,
				592660691D8ACC18006298DC /* fileHandle.cpp in Sources */,
				594E7ED91E4B5D56007B105B /* primitive_variables_fluid10.cpp in Sources */,
				5926606A1D8ACC18006298DC /* MultiVector.cpp in Sources */,
				593FA3B01DE6F96A00321A6A /* speciesDatabase.cpp in Sources */,
				595BB0441E293E0C00B3A6EF /* data.cpp in Sources */,
				593FA38D1DD361BC00321A6A /* preprocessingGridSU2.cpp in Sources */,
				594FF1411D8FDA38009A6ABB /* particle.cpp in Sources */,
				593FA3C71DF02E4200321A6A /* dataCFD.cpp in Sources */,
				5926607C1D8ACCA4006298DC /* matrix.cpp in Sources */,
				595BB0471E2E5D8D00B3A6EF /* assignIC.cpp in Sources */,
				593FA3B31DE71F5600321A6A /* kev.cpp in Sources */,
				593FA3BB1DEC86EB00321A6A /* Blottner.cpp in Sources */,
				5926606D1D8ACC18006298DC /* StringOps.cpp in Sources */,
				5926607B1D8ACCA4006298DC /* linear_algebra.cpp in Sources */,
				5926606C1D8ACC18006298DC /* readdatafromstring.cpp in Sources */,
				593FA3401DD212D800321A6A /* species.cpp in Sources */,
				595BB0381E266EC600B3A6EF /* node.cpp in Sources */,
				592660881D8ACD0F006298DC /* index.cpp in Sources */,
				593FA3831DD32DFE00321A6A /* connection.cpp in Sources */,
				593FA38B1DD35CEC00321A6A /* gridUtil.cpp in Sources */,
				594E7ECD1E4A3121007B105B /* primitive_variables_fluid4.cpp in Sources */,
				594E7EDC1E4B60DD007B105B /* primitive_variables_fluid11.cpp in Sources */,
				595BB04A1E323F3C00B3A6EF /* primitive_variables.cpp in Sources */,
				595BB0351E263A7000B3A6EF /* gridCFD.cpp in Sources */,
				592660661D8ACC18006298DC /* error_check.cpp in Sources */,
				593FA3BE1DEC890600321A6A /* Sutherland.cpp in Sources */,
				595BB03E1E27DB5200B3A6EF /* face.cpp in Sources */,
				593FA3901DD3630400321A6A /* preprocessingGridFluent.cpp in Sources */,
				5926607D1D8ACCA4006298DC /* random_number_fns.cpp in Sources */,
				5926606E1D8ACC18006298DC /* timer.cpp in Sources */,
				594FF14B1D8FDBBF009A6ABB /* preprocessingCFD.cpp in Sources */,
				5926607A1D8ACCA4006298DC /* cal_area.cpp in Sources */,
				594E7EC01E4A00DC007B105B /* primitive_variables_fluid0.cpp in Sources */,
				598431B91E38AE0800EF24EB /* ProbFluidSetting.cpp in Sources */,
				593FA3C11DEDD87F00321A6A /* viscosity_kinetic_theory.cpp in Sources */,
			);
			runOnlyForDeploymentPostprocessing = 0;
		};
/* End PBXSourcesBuildPhase section */

/* Begin XCBuildConfiguration section */
		59265FEE1D8AC0AE006298DC /* Debug */ = {
			isa = XCBuildConfiguration;
			buildSettings = {
				ALWAYS_SEARCH_USER_PATHS = YES;
				CLANG_ANALYZER_NONNULL = YES;
				CLANG_CXX_LANGUAGE_STANDARD = "gnu++0x";
				CLANG_CXX_LIBRARY = "libc++";
				CLANG_ENABLE_MODULES = YES;
				CLANG_ENABLE_OBJC_ARC = YES;
				CLANG_WARN_BOOL_CONVERSION = YES;
				CLANG_WARN_CONSTANT_CONVERSION = YES;
				CLANG_WARN_DIRECT_OBJC_ISA_USAGE = YES_ERROR;
				CLANG_WARN_EMPTY_BODY = YES;
				CLANG_WARN_ENUM_CONVERSION = YES;
				CLANG_WARN_INT_CONVERSION = YES;
				CLANG_WARN_OBJC_ROOT_CLASS = YES_ERROR;
				CLANG_WARN_UNREACHABLE_CODE = YES;
				CLANG_WARN__DUPLICATE_METHOD_MATCH = YES;
				CODE_SIGN_IDENTITY = "-";
				COPY_PHASE_STRIP = NO;
				DEBUG_INFORMATION_FORMAT = dwarf;
				ENABLE_STRICT_OBJC_MSGSEND = YES;
				ENABLE_TESTABILITY = YES;
				GCC_C_LANGUAGE_STANDARD = gnu99;
				GCC_DYNAMIC_NO_PIC = NO;
				GCC_NO_COMMON_BLOCKS = YES;
				GCC_OPTIMIZATION_LEVEL = 0;
				GCC_PREPROCESSOR_DEFINITIONS = (
					"DEBUG=1",
					"$(inherited)",
				);
				GCC_WARN_64_TO_32_BIT_CONVERSION = YES;
				GCC_WARN_ABOUT_RETURN_TYPE = YES_ERROR;
				GCC_WARN_UNDECLARED_SELECTOR = YES;
				GCC_WARN_UNINITIALIZED_AUTOS = YES_AGGRESSIVE;
				GCC_WARN_UNUSED_FUNCTION = YES;
				GCC_WARN_UNUSED_VARIABLE = YES;
				HEADER_SEARCH_PATHS = (
					/usr/local/include,
					/opt/intel/compilers_and_libraries_2017.0.102/mac/mkl/include,
					/opt/intel/compilers_and_libraries_2017.0.102/mac/compiler/include,
				);
				ICC_MKL = threaded;
				ICC_OTHER_CFLAGS = "$(OTHER_CFLAGS)";
				ICC_OTHER_CPLUSPLUSFLAGS = "$(ICC_OTHER_CFLAGS) $(OTHER_CPLUSPLUSFLAGS) -openmp";
				ICC_WARNLEVEL = remarks;
				LD_RUNPATH_SEARCH_PATHS = "/opt/intel/compilers_and_libraries_2017.0.102/mac/mkl/lib /opt/intel/compilers_and_libraries_2017.0.102/mac/compiler/lib";
				LIBRARY_SEARCH_PATHS = (
					/usr/local/lib,
					/opt/intel/compilers_and_libraries_2017.0.102/mac/mkl/lib,
				);
				MACOSX_DEPLOYMENT_TARGET = 10.11;
				MTL_ENABLE_DEBUG_INFO = YES;
				ONLY_ACTIVE_ARCH = YES;
				OTHER_LDFLAGS = (
					"-lmkl_intle_lp64",
					"-lmkl_core",
					"-lmkl_intel_thread",
					"-lpthread",
					"-ldl",
				);
				SDKROOT = macosx;
			};
			name = Debug;
		};
		59265FEF1D8AC0AE006298DC /* Release */ = {
			isa = XCBuildConfiguration;
			buildSettings = {
				ALWAYS_SEARCH_USER_PATHS = YES;
				CLANG_ANALYZER_NONNULL = YES;
				CLANG_CXX_LANGUAGE_STANDARD = "gnu++0x";
				CLANG_CXX_LIBRARY = "libc++";
				CLANG_ENABLE_MODULES = YES;
				CLANG_ENABLE_OBJC_ARC = YES;
				CLANG_WARN_BOOL_CONVERSION = YES;
				CLANG_WARN_CONSTANT_CONVERSION = YES;
				CLANG_WARN_DIRECT_OBJC_ISA_USAGE = YES_ERROR;
				CLANG_WARN_EMPTY_BODY = YES;
				CLANG_WARN_ENUM_CONVERSION = YES;
				CLANG_WARN_INT_CONVERSION = YES;
				CLANG_WARN_OBJC_ROOT_CLASS = YES_ERROR;
				CLANG_WARN_UNREACHABLE_CODE = YES;
				CLANG_WARN__DUPLICATE_METHOD_MATCH = YES;
				CODE_SIGN_IDENTITY = "-";
				COPY_PHASE_STRIP = NO;
				DEBUG_INFORMATION_FORMAT = "dwarf-with-dsym";
				ENABLE_NS_ASSERTIONS = NO;
				ENABLE_STRICT_OBJC_MSGSEND = YES;
				GCC_C_LANGUAGE_STANDARD = gnu99;
				GCC_NO_COMMON_BLOCKS = YES;
				GCC_WARN_64_TO_32_BIT_CONVERSION = YES;
				GCC_WARN_ABOUT_RETURN_TYPE = YES_ERROR;
				GCC_WARN_UNDECLARED_SELECTOR = YES;
				GCC_WARN_UNINITIALIZED_AUTOS = YES_AGGRESSIVE;
				GCC_WARN_UNUSED_FUNCTION = YES;
				GCC_WARN_UNUSED_VARIABLE = YES;
				HEADER_SEARCH_PATHS = (
					/usr/local/include,
					/opt/intel/compilers_and_libraries_2017.0.102/mac/mkl/include,
					/opt/intel/compilers_and_libraries_2017.0.102/mac/compiler/include,
				);
				ICC_MKL = threaded;
				ICC_OTHER_CFLAGS = "$(OTHER_CFLAGS)";
				ICC_OTHER_CPLUSPLUSFLAGS = "$(ICC_OTHER_CFLAGS) $(OTHER_CPLUSPLUSFLAGS) -openmp";
				ICC_WARNLEVEL = remarks;
				LD_RUNPATH_SEARCH_PATHS = "/opt/intel/compilers_and_libraries_2017.0.102/mac/mkl/lib /opt/intel/compilers_and_libraries_2017.0.102/mac/compiler/lib";
				LIBRARY_SEARCH_PATHS = (
					/usr/local/lib,
					/opt/intel/compilers_and_libraries_2017.0.102/mac/mkl/lib,
				);
				MACOSX_DEPLOYMENT_TARGET = 10.11;
				MTL_ENABLE_DEBUG_INFO = NO;
				OTHER_LDFLAGS = (
					"-lmkl_intle_lp64",
					"-lmkl_core",
					"-lmkl_intel_thread",
					"-lpthread",
					"-ldl",
				);
				SDKROOT = macosx;
			};
			name = Release;
		};
		59265FF11D8AC0AE006298DC /* Debug */ = {
			isa = XCBuildConfiguration;
			buildSettings = {
				ARCHS = "$(ARCHS_STANDARD_32_64_BIT)";
				CLANG_WARN__DUPLICATE_METHOD_MATCH = YES;
				GCC_VERSION = com.intel.compilers.icc.latest;
				HEADER_SEARCH_PATHS = (
					/opt/intel/compilers_and_libraries_2017.0.102/mac/mkl/include,
					/opt/intel/compilers_and_libraries_2017.0.102/mac/compiler/include,
					/usr/local/include,
				);
				ICC_MKL = threaded;
				ICC_OTHER_CPLUSPLUSFLAGS = "$(ICC_OTHER_CFLAGS) $(OTHER_CPLUSPLUSFLAGS) -openmp";
				ICC_RT_CHECK_UNINIT = YES;
				ICC_RT_LIBRARY = static;
				ICC_WARNLEVEL = remarks;
				LD_RUNPATH_SEARCH_PATHS = "/opt/intel/compilers_and_libraries_2017.0.102/mac/mkl/lib /opt/intel/compilers_and_libraries_2017.0.102/mac/compiler/lib /usr/local/lib";
				LIBRARY_SEARCH_PATHS = (
					/opt/intel/compilers_and_libraries_2017.0.102/mac/mkl/lib,
					/opt/intel/compilers_and_libraries_2017.0.102/mac/compiler/lib,
					/usr/local/lib,
				);
				OTHER_LDFLAGS = (
					"-lmkl_intel_lp64",
					"-lmkl_core",
					"-lmkl_intel_thread",
					"-lpthread",
					"-ldl",
					"-lmpi",
					"-lmpicxx",
				);
				PRODUCT_NAME = "$(TARGET_NAME)";
			};
			name = Debug;
		};
		59265FF21D8AC0AE006298DC /* Release */ = {
			isa = XCBuildConfiguration;
			buildSettings = {
				ARCHS = "$(ARCHS_STANDARD_32_64_BIT)";
				CLANG_WARN__DUPLICATE_METHOD_MATCH = YES;
				GCC_VERSION = com.intel.compilers.icc.latest;
				HEADER_SEARCH_PATHS = (
					/opt/intel/compilers_and_libraries_2017.0.102/mac/mkl/include,
					/opt/intel/compilers_and_libraries_2017.0.102/mac/compiler/include,
					/usr/local/include,
				);
				ICC_MKL = threaded;
				ICC_OTHER_CPLUSPLUSFLAGS = "$(ICC_OTHER_CFLAGS) $(OTHER_CPLUSPLUSFLAGS) -openmp";
				ICC_RT_CHECK_UNINIT = YES;
				ICC_RT_LIBRARY = static;
				ICC_WARNLEVEL = remarks;
				LD_RUNPATH_SEARCH_PATHS = "/opt/intel/compilers_and_libraries_2017.0.102/mac/mkl/lib /opt/intel/compilers_and_libraries_2017.0.102/mac/compiler/lib /usr/local/lib";
				LIBRARY_SEARCH_PATHS = (
					/opt/intel/compilers_and_libraries_2017.0.102/mac/mkl/lib,
					/opt/intel/compilers_and_libraries_2017.0.102/mac/compiler/lib,
					/usr/local/lib,
				);
				OTHER_LDFLAGS = (
					"-lmkl_intel_lp64",
					"-lmkl_core",
					"-lmkl_intel_thread",
					"-lpthread",
					"-ldl",
					"-lmpi",
					"-lmpicxx",
				);
				PRODUCT_NAME = "$(TARGET_NAME)";
			};
			name = Release;
		};
/* End XCBuildConfiguration section */

/* Begin XCConfigurationList section */
		59265FE41D8AC0AE006298DC /* Build configuration list for PBXProject "OP2A" */ = {
			isa = XCConfigurationList;
			buildConfigurations = (
				59265FEE1D8AC0AE006298DC /* Debug */,
				59265FEF1D8AC0AE006298DC /* Release */,
			);
			defaultConfigurationIsVisible = 0;
			defaultConfigurationName = Release;
		};
		59265FF01D8AC0AE006298DC /* Build configuration list for PBXNativeTarget "OP2A" */ = {
			isa = XCConfigurationList;
			buildConfigurations = (
				59265FF11D8AC0AE006298DC /* Debug */,
				59265FF21D8AC0AE006298DC /* Release */,
			);
			defaultConfigurationIsVisible = 0;
			defaultConfigurationName = Release;
		};
/* End XCConfigurationList section */
	};
	rootObject = 59265FE11D8AC0AE006298DC /* Project object */;
}
